
Microsoft Visual Studio Solution File, Format Version 12.00
# Visual Studio Version 17
VisualStudioVersion = 17.3.32804.467
MinimumVisualStudioVersion = 10.0.40219.1
Project("{FAE04EC0-301F-11D3-BF4B-00C04F79EFBC}") = "Domain", "Domain\Domain.csproj", "{BA47691D-1720-4853-8A8D-088D9C55A1BD}"
EndProject
Project("{FAE04EC0-301F-11D3-BF4B-00C04F79EFBC}") = "Infrastructure", "Infrastructure\Infrastructure.csproj", "{7F2EE39E-0FD3-4B78-9FA8-019FEA3D0841}"
EndProject
Project("{FAE04EC0-301F-11D3-BF4B-00C04F79EFBC}") = "Api", "Api\Api.csproj", "{3D0FEB31-16D9-433F-A28F-048BEE80EEA7}"
EndProject
Global
	GlobalSection(SolutionConfigurationPlatforms) = preSolution
		Debug|Any CPU = Debug|Any CPU
		Release|Any CPU = Release|Any CPU
	EndGlobalSection
	GlobalSection(ProjectConfigurationPlatforms) = postSolution
		{BA47691D-1720-4853-8A8D-088D9C55A1BD}.Debug|Any CPU.ActiveCfg = Debug|Any CPU
		{BA47691D-1720-4853-8A8D-088D9C55A1BD}.Debug|Any CPU.Build.0 = Debug|Any CPU
		{BA47691D-1720-4853-8A8D-088D9C55A1BD}.Release|Any CPU.ActiveCfg = Release|Any CPU
		{BA47691D-1720-4853-8A8D-088D9C55A1BD}.Release|Any CPU.Build.0 = Release|Any CPU
		{7F2EE39E-0FD3-4B78-9FA8-019FEA3D0841}.Debug|Any CPU.ActiveCfg = Debug|Any CPU
		{7F2EE39E-0FD3-4B78-9FA8-019FEA3D0841}.Debug|Any CPU.Build.0 = Debug|Any CPU
		{7F2EE39E-0FD3-4B78-9FA8-019FEA3D0841}.Release|Any CPU.ActiveCfg = Release|Any CPU
		{7F2EE39E-0FD3-4B78-9FA8-019FEA3D0841}.Release|Any CPU.Build.0 = Release|Any CPU
		{3D0FEB31-16D9-433F-A28F-048BEE80EEA7}.Debug|Any CPU.ActiveCfg = Debug|Any CPU
		{3D0FEB31-16D9-433F-A28F-048BEE80EEA7}.Debug|Any CPU.Build.0 = Debug|Any CPU
		{3D0FEB31-16D9-433F-A28F-048BEE80EEA7}.Release|Any CPU.ActiveCfg = Release|Any CPU
		{3D0FEB31-16D9-433F-A28F-048BEE80EEA7}.Release|Any CPU.Build.0 = Release|Any CPU
	EndGlobalSection
	GlobalSection(SolutionProperties) = preSolution
		HideSolutionNode = FALSE
	EndGlobalSection
	GlobalSection(ExtensibilityGlobals) = postSolution
		SolutionGuid = {4035A70D-3A04-436C-926B-B1A0DF3E4000}
	EndGlobalSection
EndGlobal
